
Microsoft Visual Studio Solution File, Format Version 12.00
# Visual Studio 15
VisualStudioVersion = 15.0.28010.2048
MinimumVisualStudioVersion = 10.0.40219.1
Project("{FAE04EC0-301F-11D3-BF4B-00C04F79EFBC}") = "SisSeguro", "SisSeguro\SisSeguro.csproj", "{FAF24AF4-B1EC-47A1-BE91-44681487506B}"
EndProject
Project("{FAE04EC0-301F-11D3-BF4B-00C04F79EFBC}") = "CapaDatos", "CapaDatos\CapaDatos.csproj", "{E6491C65-7040-46F5-9068-EBB7E7A88BC2}"
EndProject
Project("{FAE04EC0-301F-11D3-BF4B-00C04F79EFBC}") = "CapaNegocio", "CapaNegocio\CapaNegocio.csproj", "{F80B8627-EC3B-4105-A63A-D0CF6B972005}"
EndProject
Project("{FAE04EC0-301F-11D3-BF4B-00C04F79EFBC}") = "CapaPresentacion", "CapaPresentacion\CapaPresentacion.csproj", "{6F8377D2-97D9-425D-BC19-825B9EC994DB}"
EndProject
Global
	GlobalSection(SolutionConfigurationPlatforms) = preSolution
		Debug|Any CPU = Debug|Any CPU
		Release|Any CPU = Release|Any CPU
	EndGlobalSection
	GlobalSection(ProjectConfigurationPlatforms) = postSolution
		{FAF24AF4-B1EC-47A1-BE91-44681487506B}.Debug|Any CPU.ActiveCfg = Debug|Any CPU
		{FAF24AF4-B1EC-47A1-BE91-44681487506B}.Debug|Any CPU.Build.0 = Debug|Any CPU
		{FAF24AF4-B1EC-47A1-BE91-44681487506B}.Release|Any CPU.ActiveCfg = Release|Any CPU
		{FAF24AF4-B1EC-47A1-BE91-44681487506B}.Release|Any CPU.Build.0 = Release|Any CPU
		{E6491C65-7040-46F5-9068-EBB7E7A88BC2}.Debug|Any CPU.ActiveCfg = Debug|Any CPU
		{E6491C65-7040-46F5-9068-EBB7E7A88BC2}.Debug|Any CPU.Build.0 = Debug|Any CPU
		{E6491C65-7040-46F5-9068-EBB7E7A88BC2}.Release|Any CPU.ActiveCfg = Release|Any CPU
		{E6491C65-7040-46F5-9068-EBB7E7A88BC2}.Release|Any CPU.Build.0 = Release|Any CPU
		{F80B8627-EC3B-4105-A63A-D0CF6B972005}.Debug|Any CPU.ActiveCfg = Debug|Any CPU
		{F80B8627-EC3B-4105-A63A-D0CF6B972005}.Debug|Any CPU.Build.0 = Debug|Any CPU
		{F80B8627-EC3B-4105-A63A-D0CF6B972005}.Release|Any CPU.ActiveCfg = Release|Any CPU
		{F80B8627-EC3B-4105-A63A-D0CF6B972005}.Release|Any CPU.Build.0 = Release|Any CPU
		{6F8377D2-97D9-425D-BC19-825B9EC994DB}.Debug|Any CPU.ActiveCfg = Debug|Any CPU
		{6F8377D2-97D9-425D-BC19-825B9EC994DB}.Debug|Any CPU.Build.0 = Debug|Any CPU
		{6F8377D2-97D9-425D-BC19-825B9EC994DB}.Release|Any CPU.ActiveCfg = Release|Any CPU
		{6F8377D2-97D9-425D-BC19-825B9EC994DB}.Release|Any CPU.Build.0 = Release|Any CPU
	EndGlobalSection
	GlobalSection(SolutionProperties) = preSolution
		HideSolutionNode = FALSE
	EndGlobalSection
	GlobalSection(ExtensibilityGlobals) = postSolution
		SolutionGuid = {B3D13B2A-28E9-42CC-9BD7-2FE641B905E9}
	EndGlobalSection
EndGlobal
