
Microsoft Visual Studio Solution File, Format Version 12.00
# Visual Studio 15
VisualStudioVersion = 15.0.28010.2048
MinimumVisualStudioVersion = 10.0.40219.1
Project("{FAE04EC0-301F-11D3-BF4B-00C04F79EFBC}") = "MyWS", "MyWS\MyWS.csproj", "{6B2A7D1B-E1AC-4464-A94C-B86848807DFB}"
EndProject
Project("{FAE04EC0-301F-11D3-BF4B-00C04F79EFBC}") = "ClienteWS", "ClienteWS\ClienteWS.csproj", "{173170D4-E176-440B-90F1-F8C2700FAC78}"
	ProjectSection(ProjectDependencies) = postProject
		{6B2A7D1B-E1AC-4464-A94C-B86848807DFB} = {6B2A7D1B-E1AC-4464-A94C-B86848807DFB}
	EndProjectSection
EndProject
Global
	GlobalSection(SolutionConfigurationPlatforms) = preSolution
		Debug|Any CPU = Debug|Any CPU
		Release|Any CPU = Release|Any CPU
	EndGlobalSection
	GlobalSection(ProjectConfigurationPlatforms) = postSolution
		{6B2A7D1B-E1AC-4464-A94C-B86848807DFB}.Debug|Any CPU.ActiveCfg = Debug|Any CPU
		{6B2A7D1B-E1AC-4464-A94C-B86848807DFB}.Debug|Any CPU.Build.0 = Debug|Any CPU
		{6B2A7D1B-E1AC-4464-A94C-B86848807DFB}.Release|Any CPU.ActiveCfg = Release|Any CPU
		{6B2A7D1B-E1AC-4464-A94C-B86848807DFB}.Release|Any CPU.Build.0 = Release|Any CPU
		{173170D4-E176-440B-90F1-F8C2700FAC78}.Debug|Any CPU.ActiveCfg = Debug|Any CPU
		{173170D4-E176-440B-90F1-F8C2700FAC78}.Debug|Any CPU.Build.0 = Debug|Any CPU
		{173170D4-E176-440B-90F1-F8C2700FAC78}.Release|Any CPU.ActiveCfg = Release|Any CPU
		{173170D4-E176-440B-90F1-F8C2700FAC78}.Release|Any CPU.Build.0 = Release|Any CPU
	EndGlobalSection
	GlobalSection(SolutionProperties) = preSolution
		HideSolutionNode = FALSE
	EndGlobalSection
	GlobalSection(ExtensibilityGlobals) = postSolution
		SolutionGuid = {13022F6C-4C63-4D52-93BC-82B3DF5028E9}
	EndGlobalSection
EndGlobal
